<?xml version="1.0" encoding="utf-8"?>
<Project ToolsVersion="4.0" xmlns="http://schemas.microsoft.com/developer/msbuild/2003">
  <ItemGroup>
    <Filter Include="Source Files">
      <UniqueIdentifier>{4FC737F1-C7A5-4376-A066-2A32D752A2FF}</UniqueIdentifier>
      <Extensions>cpp;c;cc;cxx;def;odl;idl;hpj;bat;asm;asmx</Extensions>
    </Filter>
    <Filter Include="Header Files">
      <UniqueIdentifier>{93995380-89BD-4b04-88EB-625FBE52EBFB}</UniqueIdentifier>
      <Extensions>h;hh;hpp;hxx;hm;inl;inc;xsd</Extensions>
    </Filter>
    <Filter Include="Resource Files">
      <UniqueIdentifier>{67DA6AB6-F800-4c08-8B7A-83BB121AAD01}</UniqueIdentifier>
      <Extensions>rc;ico;cur;bmp;dlg;rc2;rct;bin;rgs;gif;jpg;jpeg;jpe;resx;tiff;tif;png;wav;mfcribbon-ms</Extensions>
    </Filter>
    <Filter Include="Header Files\pieces">
      <UniqueIdentifier>{5b5c76e6-95c6-4d91-9ff7-edd2932f6130}</UniqueIdentifier>
    </Filter>
    <Filter Include="Source Files\pieces">
      <UniqueIdentifier>{cdcc2db9-5ae9-407a-9dfc-fd57418fba17}</UniqueIdentifier>
    </Filter>
    <Filter Include="Header Files\misc">
      <UniqueIdentifier>{2d41a85e-2459-40c5-aaa6-b442de0dc1d8}</UniqueIdentifier>
    </Filter>
    <Filter Include="Header Files\board">
      <UniqueIdentifier>{599536c5-8954-4c6c-9019-6bf07505061f}</UniqueIdentifier>
    </Filter>
    <Filter Include="Source Files\board">
      <UniqueIdentifier>{68b0e7b8-10ce-4945-9ddd-d31af9d66690}</UniqueIdentifier>
    </Filter>
  </ItemGroup>
  <ItemGroup>
    <Text Include="ReadMe.txt" />
  </ItemGroup>
  <ItemGroup>
    <ClInclude Include="stdafx.h">
      <Filter>Header Files</Filter>
    </ClInclude>
    <ClInclude Include="targetver.h">
      <Filter>Header Files</Filter>
    </ClInclude>
    <ClInclude Include="piece.h">
      <Filter>Header Files\pieces</Filter>
    </ClInclude>
    <ClInclude Include="coordinates.h">
      <Filter>Header Files\pieces</Filter>
    </ClInclude>
    <ClInclude Include="color.h">
      <Filter>Header Files\misc</Filter>
    </ClInclude>
    <ClInclude Include="board.h">
      <Filter>Header Files\board</Filter>
    </ClInclude>
  </ItemGroup>
  <ItemGroup>
    <ClCompile Include="stdafx.cpp">
      <Filter>Source Files</Filter>
    </ClCompile>
    <ClCompile Include="TalOrder.cpp">
      <Filter>Source Files</Filter>
    </ClCompile>
    <ClCompile Include="piece.cpp">
      <Filter>Source Files\pieces</Filter>
    </ClCompile>
    <ClCompile Include="coordinates.cpp">
      <Filter>Source Files\pieces</Filter>
    </ClCompile>
    <ClCompile Include="board.cpp">
      <Filter>Source Files\board</Filter>
    </ClCompile>
  </ItemGroup>
</Project>